// !$*UTF8*$!
{
	archiveVersion = 1;
	classes = {
	};
	objectVersion = 46;
	objects = {

/* Begin PBXBuildFile section */
		6D10F48516DD714F00690A0F /* CoreLocation.framework in Frameworks */ = {isa = PBXBuildFile; fileRef = 6D10F48416DD714F00690A0F /* CoreLocation.framework */; };
		6D2CA81916E01A8300B2695E /* Default-568h@2x.png in Resources */ = {isa = PBXBuildFile; fileRef = 6D2CA81816E01A8300B2695E /* Default-568h@2x.png */; };
		C44D5FA7161FA226007044A5 /* Accounts.framework in Frameworks */ = {isa = PBXBuildFile; fileRef = C44D5FA1161FA226007044A5 /* Accounts.framework */; settings = {ATTRIBUTES = (Weak, ); }; };
		C44D5FA8161FA226007044A5 /* AdSupport.framework in Frameworks */ = {isa = PBXBuildFile; fileRef = C44D5FA2161FA226007044A5 /* AdSupport.framework */; settings = {ATTRIBUTES = (Weak, ); }; };
		C44D5FA9161FA226007044A5 /* libsqlite3.dylib in Frameworks */ = {isa = PBXBuildFile; fileRef = C44D5FA3161FA226007044A5 /* libsqlite3.dylib */; };
		C44D5FAA161FA226007044A5 /* libz.dylib in Frameworks */ = {isa = PBXBuildFile; fileRef = C44D5FA4161FA226007044A5 /* libz.dylib */; };
		C44D5FAB161FA226007044A5 /* Social.framework in Frameworks */ = {isa = PBXBuildFile; fileRef = C44D5FA5161FA226007044A5 /* Social.framework */; settings = {ATTRIBUTES = (Weak, ); }; };
		C44D5FAC161FA226007044A5 /* StoreKit.framework in Frameworks */ = {isa = PBXBuildFile; fileRef = C44D5FA6161FA226007044A5 /* StoreKit.framework */; };
		D4F419D514D90FFB00D02120 /* UIKit.framework in Frameworks */ = {isa = PBXBuildFile; fileRef = D4F419D414D90FFB00D02120 /* UIKit.framework */; };
		D4F419D714D90FFB00D02120 /* Foundation.framework in Frameworks */ = {isa = PBXBuildFile; fileRef = D4F419D614D90FFB00D02120 /* Foundation.framework */; };
		D4F419D914D90FFB00D02120 /* CoreGraphics.framework in Frameworks */ = {isa = PBXBuildFile; fileRef = D4F419D814D90FFB00D02120 /* CoreGraphics.framework */; };
		D4F419DF14D90FFB00D02120 /* InfoPlist.strings in Resources */ = {isa = PBXBuildFile; fileRef = D4F419DD14D90FFB00D02120 /* InfoPlist.strings */; };
		D4F419E114D90FFB00D02120 /* main.m in Sources */ = {isa = PBXBuildFile; fileRef = D4F419E014D90FFB00D02120 /* main.m */; };
		D4F419E514D90FFB00D02120 /* AppDelegate.m in Sources */ = {isa = PBXBuildFile; fileRef = D4F419E414D90FFB00D02120 /* AppDelegate.m */; };
		D4F419E814D90FFB00D02120 /* ViewController.m in Sources */ = {isa = PBXBuildFile; fileRef = D4F419E714D90FFB00D02120 /* ViewController.m */; };
		D4F419EB14D90FFB00D02120 /* ViewController.xib in Resources */ = {isa = PBXBuildFile; fileRef = D4F419E914D90FFB00D02120 /* ViewController.xib */; };
		D4F419FC14D9152D00D02120 /* AudioToolbox.framework in Frameworks */ = {isa = PBXBuildFile; fileRef = D4F419F514D9152D00D02120 /* AudioToolbox.framework */; };
		D4F419FD14D9152D00D02120 /* CFNetwork.framework in Frameworks */ = {isa = PBXBuildFile; fileRef = D4F419F614D9152D00D02120 /* CFNetwork.framework */; };
		D4F419FF14D9152D00D02120 /* MobileCoreServices.framework in Frameworks */ = {isa = PBXBuildFile; fileRef = D4F419F814D9152D00D02120 /* MobileCoreServices.framework */; };
		D4F41A0014D9152D00D02120 /* QuartzCore.framework in Frameworks */ = {isa = PBXBuildFile; fileRef = D4F419F914D9152D00D02120 /* QuartzCore.framework */; };
		D4F41A0114D9152D00D02120 /* Security.framework in Frameworks */ = {isa = PBXBuildFile; fileRef = D4F419FA14D9152D00D02120 /* Security.framework */; };
		D4F41A0214D9152D00D02120 /* SystemConfiguration.framework in Frameworks */ = {isa = PBXBuildFile; fileRef = D4F419FB14D9152D00D02120 /* SystemConfiguration.framework */; };
		D4F41A0414D9154500D02120 /* Parse.framework in Frameworks */ = {isa = PBXBuildFile; fileRef = D4F41A0314D9154500D02120 /* Parse.framework */; };
/* End PBXBuildFile section */

/* Begin PBXFileReference section */
		6D10F48416DD714F00690A0F /* CoreLocation.framework */ = {isa = PBXFileReference; lastKnownFileType = wrapper.framework; name = CoreLocation.framework; path = System/Library/Frameworks/CoreLocation.framework; sourceTree = SDKROOT; };
		6D2CA81816E01A8300B2695E /* Default-568h@2x.png */ = {isa = PBXFileReference; lastKnownFileType = image.png; path = "Default-568h@2x.png"; sourceTree = "<group>"; };
		C44D5FA1161FA226007044A5 /* Accounts.framework */ = {isa = PBXFileReference; lastKnownFileType = wrapper.framework; name = Accounts.framework; path = System/Library/Frameworks/Accounts.framework; sourceTree = SDKROOT; };
		C44D5FA2161FA226007044A5 /* AdSupport.framework */ = {isa = PBXFileReference; lastKnownFileType = wrapper.framework; name = AdSupport.framework; path = System/Library/Frameworks/AdSupport.framework; sourceTree = SDKROOT; };
		C44D5FA3161FA226007044A5 /* libsqlite3.dylib */ = {isa = PBXFileReference; lastKnownFileType = "compiled.mach-o.dylib"; name = libsqlite3.dylib; path = usr/lib/libsqlite3.dylib; sourceTree = SDKROOT; };
		C44D5FA4161FA226007044A5 /* libz.dylib */ = {isa = PBXFileReference; lastKnownFileType = "compiled.mach-o.dylib"; name = libz.dylib; path = usr/lib/libz.dylib; sourceTree = SDKROOT; };
		C44D5FA5161FA226007044A5 /* Social.framework */ = {isa = PBXFileReference; lastKnownFileType = wrapper.framework; name = Social.framework; path = System/Library/Frameworks/Social.framework; sourceTree = SDKROOT; };
		C44D5FA6161FA226007044A5 /* StoreKit.framework */ = {isa = PBXFileReference; lastKnownFileType = wrapper.framework; name = StoreKit.framework; path = System/Library/Frameworks/StoreKit.framework; sourceTree = SDKROOT; };
		D4F419D014D90FFB00D02120 /* PushNotificationTutorial.app */ = {isa = PBXFileReference; explicitFileType = wrapper.application; includeInIndex = 0; path = PushNotificationTutorial.app; sourceTree = BUILT_PRODUCTS_DIR; };
		D4F419D414D90FFB00D02120 /* UIKit.framework */ = {isa = PBXFileReference; lastKnownFileType = wrapper.framework; name = UIKit.framework; path = System/Library/Frameworks/UIKit.framework; sourceTree = SDKROOT; };
		D4F419D614D90FFB00D02120 /* Foundation.framework */ = {isa = PBXFileReference; lastKnownFileType = wrapper.framework; name = Foundation.framework; path = System/Library/Frameworks/Foundation.framework; sourceTree = SDKROOT; };
		D4F419D814D90FFB00D02120 /* CoreGraphics.framework */ = {isa = PBXFileReference; lastKnownFileType = wrapper.framework; name = CoreGraphics.framework; path = System/Library/Frameworks/CoreGraphics.framework; sourceTree = SDKROOT; };
		D4F419DC14D90FFB00D02120 /* PushNotificationTutorial-Info.plist */ = {isa = PBXFileReference; lastKnownFileType = text.plist.xml; path = "PushNotificationTutorial-Info.plist"; sourceTree = "<group>"; };
		D4F419DE14D90FFB00D02120 /* en */ = {isa = PBXFileReference; lastKnownFileType = text.plist.strings; name = en; path = en.lproj/InfoPlist.strings; sourceTree = "<group>"; };
		D4F419E014D90FFB00D02120 /* main.m */ = {isa = PBXFileReference; lastKnownFileType = sourcecode.c.objc; path = main.m; sourceTree = "<group>"; };
		D4F419E214D90FFB00D02120 /* PushNotificationTutorial-Prefix.pch */ = {isa = PBXFileReference; lastKnownFileType = sourcecode.c.h; path = "PushNotificationTutorial-Prefix.pch"; sourceTree = "<group>"; };
		D4F419E314D90FFB00D02120 /* AppDelegate.h */ = {isa = PBXFileReference; lastKnownFileType = sourcecode.c.h; path = AppDelegate.h; sourceTree = "<group>"; };
		D4F419E414D90FFB00D02120 /* AppDelegate.m */ = {isa = PBXFileReference; lastKnownFileType = sourcecode.c.objc; path = AppDelegate.m; sourceTree = "<group>"; };
		D4F419E614D90FFB00D02120 /* ViewController.h */ = {isa = PBXFileReference; lastKnownFileType = sourcecode.c.h; path = ViewController.h; sourceTree = "<group>"; };
		D4F419E714D90FFB00D02120 /* ViewController.m */ = {isa = PBXFileReference; lastKnownFileType = sourcecode.c.objc; path = ViewController.m; sourceTree = "<group>"; };
		D4F419EA14D90FFB00D02120 /* en */ = {isa = PBXFileReference; lastKnownFileType = file.xib; name = en; path = en.lproj/ViewController.xib; sourceTree = "<group>"; };
		D4F419F514D9152D00D02120 /* AudioToolbox.framework */ = {isa = PBXFileReference; lastKnownFileType = wrapper.framework; name = AudioToolbox.framework; path = System/Library/Frameworks/AudioToolbox.framework; sourceTree = SDKROOT; };
		D4F419F614D9152D00D02120 /* CFNetwork.framework */ = {isa = PBXFileReference; lastKnownFileType = wrapper.framework; name = CFNetwork.framework; path = System/Library/Frameworks/CFNetwork.framework; sourceTree = SDKROOT; };
		D4F419F814D9152D00D02120 /* MobileCoreServices.framework */ = {isa = PBXFileReference; lastKnownFileType = wrapper.framework; name = MobileCoreServices.framework; path = System/Library/Frameworks/MobileCoreServices.framework; sourceTree = SDKROOT; };
		D4F419F914D9152D00D02120 /* QuartzCore.framework */ = {isa = PBXFileReference; lastKnownFileType = wrapper.framework; name = QuartzCore.framework; path = System/Library/Frameworks/QuartzCore.framework; sourceTree = SDKROOT; };
		D4F419FA14D9152D00D02120 /* Security.framework */ = {isa = PBXFileReference; lastKnownFileType = wrapper.framework; name = Security.framework; path = System/Library/Frameworks/Security.framework; sourceTree = SDKROOT; };
		D4F419FB14D9152D00D02120 /* SystemConfiguration.framework */ = {isa = PBXFileReference; lastKnownFileType = wrapper.framework; name = SystemConfiguration.framework; path = System/Library/Frameworks/SystemConfiguration.framework; sourceTree = SDKROOT; };
		D4F41A0314D9154500D02120 /* Parse.framework */ = {isa = PBXFileReference; lastKnownFileType = wrapper.framework; path = Parse.framework; sourceTree = "<group>"; };
/* End PBXFileReference section */

/* Begin PBXFrameworksBuildPhase section */
		D4F419CD14D90FFB00D02120 /* Frameworks */ = {
			isa = PBXFrameworksBuildPhase;
			buildActionMask = 2147483647;
			files = (
				6D10F48516DD714F00690A0F /* CoreLocation.framework in Frameworks */,
				C44D5FA7161FA226007044A5 /* Accounts.framework in Frameworks */,
				C44D5FA8161FA226007044A5 /* AdSupport.framework in Frameworks */,
				C44D5FAB161FA226007044A5 /* Social.framework in Frameworks */,
				C44D5FA9161FA226007044A5 /* libsqlite3.dylib in Frameworks */,
				C44D5FAA161FA226007044A5 /* libz.dylib in Frameworks */,
				C44D5FAC161FA226007044A5 /* StoreKit.framework in Frameworks */,
				D4F419FC14D9152D00D02120 /* AudioToolbox.framework in Frameworks */,
				D4F419FD14D9152D00D02120 /* CFNetwork.framework in Frameworks */,
				D4F419FF14D9152D00D02120 /* MobileCoreServices.framework in Frameworks */,
				D4F41A0014D9152D00D02120 /* QuartzCore.framework in Frameworks */,
				D4F41A0114D9152D00D02120 /* Security.framework in Frameworks */,
				D4F41A0214D9152D00D02120 /* SystemConfiguration.framework in Frameworks */,
				D4F419D514D90FFB00D02120 /* UIKit.framework in Frameworks */,
				D4F419D714D90FFB00D02120 /* Foundation.framework in Frameworks */,
				D4F419D914D90FFB00D02120 /* CoreGraphics.framework in Frameworks */,
				D4F41A0414D9154500D02120 /* Parse.framework in Frameworks */,
			);
			runOnlyForDeploymentPostprocessing = 0;
		};
/* End PBXFrameworksBuildPhase section */

/* Begin PBXGroup section */
		D4F419C514D90FFB00D02120 = {
			isa = PBXGroup;
			children = (
				D4F419DA14D90FFB00D02120 /* PushNotificationTutorial */,
				D4F419D314D90FFB00D02120 /* Frameworks */,
				D4F419D114D90FFB00D02120 /* Products */,
			);
			sourceTree = "<group>";
		};
		D4F419D114D90FFB00D02120 /* Products */ = {
			isa = PBXGroup;
			children = (
				D4F419D014D90FFB00D02120 /* PushNotificationTutorial.app */,
			);
			name = Products;
			sourceTree = "<group>";
		};
		D4F419D314D90FFB00D02120 /* Frameworks */ = {
			isa = PBXGroup;
			children = (
				6D10F48416DD714F00690A0F /* CoreLocation.framework */,
				C44D5FA1161FA226007044A5 /* Accounts.framework */,
				C44D5FA2161FA226007044A5 /* AdSupport.framework */,
				D4F419F514D9152D00D02120 /* AudioToolbox.framework */,
				D4F419F614D9152D00D02120 /* CFNetwork.framework */,
				D4F419D814D90FFB00D02120 /* CoreGraphics.framework */,
				D4F419D614D90FFB00D02120 /* Foundation.framework */,
				C44D5FA3161FA226007044A5 /* libsqlite3.dylib */,
				C44D5FA4161FA226007044A5 /* libz.dylib */,
				D4F419F814D9152D00D02120 /* MobileCoreServices.framework */,
				D4F41A0314D9154500D02120 /* Parse.framework */,
				D4F419F914D9152D00D02120 /* QuartzCore.framework */,
				D4F419FA14D9152D00D02120 /* Security.framework */,
				C44D5FA5161FA226007044A5 /* Social.framework */,
				C44D5FA6161FA226007044A5 /* StoreKit.framework */,
				D4F419FB14D9152D00D02120 /* SystemConfiguration.framework */,
				D4F419D414D90FFB00D02120 /* UIKit.framework */,
			);
			name = Frameworks;
			sourceTree = "<group>";
		};
		D4F419DA14D90FFB00D02120 /* PushNotificationTutorial */ = {
			isa = PBXGroup;
			children = (
				D4F419E314D90FFB00D02120 /* AppDelegate.h */,
				D4F419E414D90FFB00D02120 /* AppDelegate.m */,
				D4F419E614D90FFB00D02120 /* ViewController.h */,
				D4F419E714D90FFB00D02120 /* ViewController.m */,
				D4F419E914D90FFB00D02120 /* ViewController.xib */,
				D4F419DB14D90FFB00D02120 /* Supporting Files */,
			);
			path = PushNotificationTutorial;
			sourceTree = "<group>";
		};
		D4F419DB14D90FFB00D02120 /* Supporting Files */ = {
			isa = PBXGroup;
			children = (
				6D2CA81816E01A8300B2695E /* Default-568h@2x.png */,
				D4F419DC14D90FFB00D02120 /* PushNotificationTutorial-Info.plist */,
				D4F419DD14D90FFB00D02120 /* InfoPlist.strings */,
				D4F419E014D90FFB00D02120 /* main.m */,
				D4F419E214D90FFB00D02120 /* PushNotificationTutorial-Prefix.pch */,
			);
			name = "Supporting Files";
			sourceTree = "<group>";
		};
/* End PBXGroup section */

/* Begin PBXNativeTarget section */
		D4F419CF14D90FFB00D02120 /* PushNotificationTutorial */ = {
			isa = PBXNativeTarget;
			buildConfigurationList = D4F419EE14D90FFB00D02120 /* Build configuration list for PBXNativeTarget "PushNotificationTutorial" */;
			buildPhases = (
				D4F419CC14D90FFB00D02120 /* Sources */,
				D4F419CD14D90FFB00D02120 /* Frameworks */,
				D4F419CE14D90FFB00D02120 /* Resources */,
			);
			buildRules = (
			);
			dependencies = (
			);
			name = PushNotificationTutorial;
			productName = PushNotificationTutorial;
			productReference = D4F419D014D90FFB00D02120 /* PushNotificationTutorial.app */;
			productType = "com.apple.product-type.application";
		};
/* End PBXNativeTarget section */

/* Begin PBXProject section */
		D4F419C714D90FFB00D02120 /* Project object */ = {
			isa = PBXProject;
			attributes = {
				LastUpgradeCheck = 0420;
			};
			buildConfigurationList = D4F419CA14D90FFB00D02120 /* Build configuration list for PBXProject "PushNotificationTutorial" */;
			compatibilityVersion = "Xcode 3.2";
			developmentRegion = English;
			hasScannedForEncodings = 0;
			knownRegions = (
				en,
			);
			mainGroup = D4F419C514D90FFB00D02120;
			productRefGroup = D4F419D114D90FFB00D02120 /* Products */;
			projectDirPath = "";
			projectRoot = "";
			targets = (
				D4F419CF14D90FFB00D02120 /* PushNotificationTutorial */,
			);
		};
/* End PBXProject section */

/* Begin PBXResourcesBuildPhase section */
		D4F419CE14D90FFB00D02120 /* Resources */ = {
			isa = PBXResourcesBuildPhase;
			buildActionMask = 2147483647;
			files = (
				D4F419DF14D90FFB00D02120 /* InfoPlist.strings in Resources */,
				D4F419EB14D90FFB00D02120 /* ViewController.xib in Resources */,
				6D2CA81916E01A8300B2695E /* Default-568h@2x.png in Resources */,
			);
			runOnlyForDeploymentPostprocessing = 0;
		};
/* End PBXResourcesBuildPhase section */

/* Begin PBXSourcesBuildPhase section */
		D4F419CC14D90FFB00D02120 /* Sources */ = {
			isa = PBXSourcesBuildPhase;
			buildActionMask = 2147483647;
			files = (
				D4F419E114D90FFB00D02120 /* main.m in Sources */,
				D4F419E514D90FFB00D02120 /* AppDelegate.m in Sources */,
				D4F419E814D90FFB00D02120 /* ViewController.m in Sources */,
			);
			runOnlyForDeploymentPostprocessing = 0;
		};
/* End PBXSourcesBuildPhase section */

/* Begin PBXVariantGroup section */
		D4F419DD14D90FFB00D02120 /* InfoPlist.strings */ = {
			isa = PBXVariantGroup;
			children = (
				D4F419DE14D90FFB00D02120 /* en */,
			);
			name = InfoPlist.strings;
			sourceTree = "<group>";
		};
		D4F419E914D90FFB00D02120 /* ViewController.xib */ = {
			isa = PBXVariantGroup;
			children = (
				D4F419EA14D90FFB00D02120 /* en */,
			);
			name = ViewController.xib;
			sourceTree = "<group>";
		};
/* End PBXVariantGroup section */

/* Begin XCBuildConfiguration section */
		D4F419EC14D90FFB00D02120 /* Debug */ = {
			isa = XCBuildConfiguration;
			buildSettings = {
				ALWAYS_SEARCH_USER_PATHS = NO;
				ARCHS = "$(ARCHS_STANDARD_32_BIT)";
				CLANG_ENABLE_OBJC_ARC = YES;
				CODE_SIGN_IDENTITY = "iPhone Developer";
				"CODE_SIGN_IDENTITY[sdk=iphoneos*]" = "iPhone Developer";
				COPY_PHASE_STRIP = NO;
				GCC_C_LANGUAGE_STANDARD = gnu99;
				GCC_DYNAMIC_NO_PIC = NO;
				GCC_OPTIMIZATION_LEVEL = 0;
				GCC_PREPROCESSOR_DEFINITIONS = (
					"DEBUG=1",
					"$(inherited)",
				);
				GCC_SYMBOLS_PRIVATE_EXTERN = NO;
				GCC_VERSION = com.apple.compilers.llvm.clang.1_0;
				GCC_WARN_ABOUT_MISSING_PROTOTYPES = YES;
				GCC_WARN_ABOUT_RETURN_TYPE = YES;
				GCC_WARN_UNUSED_VARIABLE = YES;
				IPHONEOS_DEPLOYMENT_TARGET = 5.0;
				PROVISIONING_PROFILE = "";
				"PROVISIONING_PROFILE[sdk=iphoneos*]" = "";
				SDKROOT = iphoneos;
			};
			name = Debug;
		};
		D4F419ED14D90FFB00D02120 /* Release */ = {
			isa = XCBuildConfiguration;
			buildSettings = {
				ALWAYS_SEARCH_USER_PATHS = NO;
				ARCHS = "$(ARCHS_STANDARD_32_BIT)";
				CLANG_ENABLE_OBJC_ARC = YES;
				CODE_SIGN_IDENTITY = "iPhone Developer";
				"CODE_SIGN_IDENTITY[sdk=iphoneos*]" = "iPhone Developer";
				COPY_PHASE_STRIP = YES;
				GCC_C_LANGUAGE_STANDARD = gnu99;
				GCC_VERSION = com.apple.compilers.llvm.clang.1_0;
				GCC_WARN_ABOUT_MISSING_PROTOTYPES = YES;
				GCC_WARN_ABOUT_RETURN_TYPE = YES;
				GCC_WARN_UNUSED_VARIABLE = YES;
				IPHONEOS_DEPLOYMENT_TARGET = 5.0;
				OTHER_CFLAGS = "-DNS_BLOCK_ASSERTIONS=1";
				PROVISIONING_PROFILE = "";
				"PROVISIONING_PROFILE[sdk=iphoneos*]" = "";
				SDKROOT = iphoneos;
				VALIDATE_PRODUCT = YES;
			};
			name = Release;
		};
		D4F419EF14D90FFB00D02120 /* Debug */ = {
			isa = XCBuildConfiguration;
			buildSettings = {
				CODE_SIGN_IDENTITY = "iPhone Developer";
				"CODE_SIGN_IDENTITY[sdk=iphoneos*]" = "iPhone Developer";
				FRAMEWORK_SEARCH_PATHS = (
					"$(inherited)",
					"\"$(SRCROOT)\"",
				);
				GCC_PRECOMPILE_PREFIX_HEADER = YES;
				GCC_PREFIX_HEADER = "PushNotificationTutorial/PushNotificationTutorial-Prefix.pch";
				INFOPLIST_FILE = "PushNotificationTutorial/PushNotificationTutorial-Info.plist";
				PRODUCT_NAME = "$(TARGET_NAME)";
				PROVISIONING_PROFILE = "";
				"PROVISIONING_PROFILE[sdk=iphoneos*]" = "";
				WRAPPER_EXTENSION = app;
			};
			name = Debug;
		};
		D4F419F014D90FFB00D02120 /* Release */ = {
			isa = XCBuildConfiguration;
			buildSettings = {
				CODE_SIGN_IDENTITY = "iPhone Developer";
				"CODE_SIGN_IDENTITY[sdk=iphoneos*]" = "iPhone Developer";
				FRAMEWORK_SEARCH_PATHS = (
					"$(inherited)",
					"\"$(SRCROOT)\"",
				);
				GCC_PRECOMPILE_PREFIX_HEADER = YES;
				GCC_PREFIX_HEADER = "PushNotificationTutorial/PushNotificationTutorial-Prefix.pch";
				INFOPLIST_FILE = "PushNotificationTutorial/PushNotificationTutorial-Info.plist";
				PRODUCT_NAME = "$(TARGET_NAME)";
				PROVISIONING_PROFILE = "";
				"PROVISIONING_PROFILE[sdk=iphoneos*]" = "";
				WRAPPER_EXTENSION = app;
			};
			name = Release;
		};
/* End XCBuildConfiguration section */

/* Begin XCConfigurationList section */
		D4F419CA14D90FFB00D02120 /* Build configuration list for PBXProject "PushNotificationTutorial" */ = {
			isa = XCConfigurationList;
			buildConfigurations = (
				D4F419EC14D90FFB00D02120 /* Debug */,
				D4F419ED14D90FFB00D02120 /* Release */,
			);
			defaultConfigurationIsVisible = 0;
			defaultConfigurationName = Release;
		};
		D4F419EE14D90FFB00D02120 /* Build configuration list for PBXNativeTarget "PushNotificationTutorial" */ = {
			isa = XCConfigurationList;
			buildConfigurations = (
				D4F419EF14D90FFB00D02120 /* Debug */,
				D4F419F014D90FFB00D02120 /* Release */,
			);
			defaultConfigurationIsVisible = 0;
			defaultConfigurationName = Release;
		};
/* End XCConfigurationList section */
	};
	rootObject = D4F419C714D90FFB00D02120 /* Project object */;
}
